
Microsoft Visual Studio Solution File, Format Version 12.00
# Visual Studio Version 16
VisualStudioVersion = 16.0.31424.327
MinimumVisualStudioVersion = 10.0.40219.1
Project("{FAE04EC0-301F-11D3-BF4B-00C04F79EFBC}") = "Data", "Data\Data.csproj", "{A87CFBF9-9D99-48CD-82F2-A10E7685AD0C}"
EndProject
Project("{FAE04EC0-301F-11D3-BF4B-00C04F79EFBC}") = "WebAPI", "WebAPI\WebAPI.csproj", "{16297E7E-6E08-417C-A57A-B8F7B892D887}"
EndProject
Global
	GlobalSection(SolutionConfigurationPlatforms) = preSolution
		Debug|Any CPU = Debug|Any CPU
		Release|Any CPU = Release|Any CPU
	EndGlobalSection
	GlobalSection(ProjectConfigurationPlatforms) = postSolution
		{A87CFBF9-9D99-48CD-82F2-A10E7685AD0C}.Debug|Any CPU.ActiveCfg = Debug|Any CPU
		{A87CFBF9-9D99-48CD-82F2-A10E7685AD0C}.Debug|Any CPU.Build.0 = Debug|Any CPU
		{A87CFBF9-9D99-48CD-82F2-A10E7685AD0C}.Release|Any CPU.ActiveCfg = Release|Any CPU
		{A87CFBF9-9D99-48CD-82F2-A10E7685AD0C}.Release|Any CPU.Build.0 = Release|Any CPU
		{16297E7E-6E08-417C-A57A-B8F7B892D887}.Debug|Any CPU.ActiveCfg = Debug|Any CPU
		{16297E7E-6E08-417C-A57A-B8F7B892D887}.Debug|Any CPU.Build.0 = Debug|Any CPU
		{16297E7E-6E08-417C-A57A-B8F7B892D887}.Release|Any CPU.ActiveCfg = Release|Any CPU
		{16297E7E-6E08-417C-A57A-B8F7B892D887}.Release|Any CPU.Build.0 = Release|Any CPU
	EndGlobalSection
	GlobalSection(SolutionProperties) = preSolution
		HideSolutionNode = FALSE
	EndGlobalSection
	GlobalSection(ExtensibilityGlobals) = postSolution
		SolutionGuid = {CD95DFA7-2E58-4A52-8DD9-D8772265CCF7}
	EndGlobalSection
EndGlobal
